
Microsoft Visual Studio Solution File, Format Version 12.00
# Visual Studio Version 17
VisualStudioVersion = 17.8.34525.116
MinimumVisualStudioVersion = 10.0.40219.1
Project("{FAE04EC0-301F-11D3-BF4B-00C04F79EFBC}") = "Laboratorio_3_Opcion_B", "Laboratorio_3_Opcion_B\Laboratorio_3_Opcion_B.csproj", "{C0348029-7FB5-47DC-831C-9A5314699A86}"
EndProject
Global
	GlobalSection(SolutionConfigurationPlatforms) = preSolution
		Debug|Any CPU = Debug|Any CPU
		Release|Any CPU = Release|Any CPU
	EndGlobalSection
	GlobalSection(ProjectConfigurationPlatforms) = postSolution
		{C0348029-7FB5-47DC-831C-9A5314699A86}.Debug|Any CPU.ActiveCfg = Debug|Any CPU
		{C0348029-7FB5-47DC-831C-9A5314699A86}.Debug|Any CPU.Build.0 = Debug|Any CPU
		{C0348029-7FB5-47DC-831C-9A5314699A86}.Release|Any CPU.ActiveCfg = Release|Any CPU
		{C0348029-7FB5-47DC-831C-9A5314699A86}.Release|Any CPU.Build.0 = Release|Any CPU
	EndGlobalSection
	GlobalSection(SolutionProperties) = preSolution
		HideSolutionNode = FALSE
	EndGlobalSection
	GlobalSection(ExtensibilityGlobals) = postSolution
		SolutionGuid = {D1E780D4-D174-4AA2-A3B2-BCA3AB4B405B}
	EndGlobalSection
EndGlobal
